// !$*UTF8*$!
{
	archiveVersion = 1;
	classes = {
	};
	objectVersion = 46;
	objects = {

/* Begin PBXBuildFile section */
		1342B2B11F0453780096E55C /* FeedVC.swift in Sources */ = {isa = PBXBuildFile; fileRef = 1342B2B01F0453780096E55C /* FeedVC.swift */; };
		1342B2B31F0476EA0096E55C /* CircleImageView.swift in Sources */ = {isa = PBXBuildFile; fileRef = 1342B2B21F0476EA0096E55C /* CircleImageView.swift */; };
		1342B2B51F0482790096E55C /* PostsCell.swift in Sources */ = {isa = PBXBuildFile; fileRef = 1342B2B41F0482790096E55C /* PostsCell.swift */; };
		13581CC31F01CB48006469F9 /* AppDelegate.swift in Sources */ = {isa = PBXBuildFile; fileRef = 13581CC21F01CB48006469F9 /* AppDelegate.swift */; };
		13581CC51F01CB48006469F9 /* ViewController.swift in Sources */ = {isa = PBXBuildFile; fileRef = 13581CC41F01CB48006469F9 /* ViewController.swift */; };
		13581CC81F01CB48006469F9 /* Main.storyboard in Resources */ = {isa = PBXBuildFile; fileRef = 13581CC61F01CB48006469F9 /* Main.storyboard */; };
		13581CCA1F01CB48006469F9 /* Assets.xcassets in Resources */ = {isa = PBXBuildFile; fileRef = 13581CC91F01CB48006469F9 /* Assets.xcassets */; };
		13581CCD1F01CB48006469F9 /* LaunchScreen.storyboard in Resources */ = {isa = PBXBuildFile; fileRef = 13581CCB1F01CB48006469F9 /* LaunchScreen.storyboard */; };
		13581CD51F01CC34006469F9 /* GoogleService-Info.plist in Resources */ = {isa = PBXBuildFile; fileRef = 13581CD41F01CC34006469F9 /* GoogleService-Info.plist */; };
		1364387E1F07705D005E99AF /* DataService.swift in Sources */ = {isa = PBXBuildFile; fileRef = 1364387D1F07705D005E99AF /* DataService.swift */; };
		13C7A8E91F02D04C0020520E /* HeaderView.swift in Sources */ = {isa = PBXBuildFile; fileRef = 13C7A8E81F02D04C0020520E /* HeaderView.swift */; };
		13C7A8EC1F02D1040020520E /* Constants.swift in Sources */ = {isa = PBXBuildFile; fileRef = 13C7A8EB1F02D1040020520E /* Constants.swift */; };
		13C7A8EE1F02D31B0020520E /* RoundButton.swift in Sources */ = {isa = PBXBuildFile; fileRef = 13C7A8ED1F02D31B0020520E /* RoundButton.swift */; };
		13C7A8F01F02D6360020520E /* LogInFields.swift in Sources */ = {isa = PBXBuildFile; fileRef = 13C7A8EF1F02D6360020520E /* LogInFields.swift */; };
		13C7A8F21F02D78F0020520E /* SignInButton.swift in Sources */ = {isa = PBXBuildFile; fileRef = 13C7A8F11F02D78F0020520E /* SignInButton.swift */; };
		3C3BEE6F6882C1CE4EC4E835 /* Pods_Image_Social.framework in Frameworks */ = {isa = PBXBuildFile; fileRef = AC2A7D366B9AC76E14495AFC /* Pods_Image_Social.framework */; };
/* End PBXBuildFile section */

/* Begin PBXFileReference section */
		1342B2B01F0453780096E55C /* FeedVC.swift */ = {isa = PBXFileReference; fileEncoding = 4; lastKnownFileType = sourcecode.swift; path = FeedVC.swift; sourceTree = "<group>"; };
		1342B2B21F0476EA0096E55C /* CircleImageView.swift */ = {isa = PBXFileReference; fileEncoding = 4; lastKnownFileType = sourcecode.swift; path = CircleImageView.swift; sourceTree = "<group>"; };
		1342B2B41F0482790096E55C /* PostsCell.swift */ = {isa = PBXFileReference; fileEncoding = 4; lastKnownFileType = sourcecode.swift; path = PostsCell.swift; sourceTree = "<group>"; };
		13581CBF1F01CB47006469F9 /* Image Social.app */ = {isa = PBXFileReference; explicitFileType = wrapper.application; includeInIndex = 0; path = "Image Social.app"; sourceTree = BUILT_PRODUCTS_DIR; };
		13581CC21F01CB48006469F9 /* AppDelegate.swift */ = {isa = PBXFileReference; lastKnownFileType = sourcecode.swift; path = AppDelegate.swift; sourceTree = "<group>"; };
		13581CC41F01CB48006469F9 /* ViewController.swift */ = {isa = PBXFileReference; lastKnownFileType = sourcecode.swift; path = ViewController.swift; sourceTree = "<group>"; };
		13581CC71F01CB48006469F9 /* Base */ = {isa = PBXFileReference; lastKnownFileType = file.storyboard; name = Base; path = Base.lproj/Main.storyboard; sourceTree = "<group>"; };
		13581CC91F01CB48006469F9 /* Assets.xcassets */ = {isa = PBXFileReference; lastKnownFileType = folder.assetcatalog; path = Assets.xcassets; sourceTree = "<group>"; };
		13581CCC1F01CB48006469F9 /* Base */ = {isa = PBXFileReference; lastKnownFileType = file.storyboard; name = Base; path = Base.lproj/LaunchScreen.storyboard; sourceTree = "<group>"; };
		13581CCE1F01CB48006469F9 /* Info.plist */ = {isa = PBXFileReference; lastKnownFileType = text.plist.xml; path = Info.plist; sourceTree = "<group>"; };
		13581CD41F01CC34006469F9 /* GoogleService-Info.plist */ = {isa = PBXFileReference; fileEncoding = 4; lastKnownFileType = text.plist.xml; path = "GoogleService-Info.plist"; sourceTree = "<group>"; };
		1364387D1F07705D005E99AF /* DataService.swift */ = {isa = PBXFileReference; fileEncoding = 4; lastKnownFileType = sourcecode.swift; path = DataService.swift; sourceTree = "<group>"; };
		13C7A8E81F02D04C0020520E /* HeaderView.swift */ = {isa = PBXFileReference; fileEncoding = 4; lastKnownFileType = sourcecode.swift; path = HeaderView.swift; sourceTree = "<group>"; };
		13C7A8EB1F02D1040020520E /* Constants.swift */ = {isa = PBXFileReference; fileEncoding = 4; lastKnownFileType = sourcecode.swift; path = Constants.swift; sourceTree = "<group>"; };
		13C7A8ED1F02D31B0020520E /* RoundButton.swift */ = {isa = PBXFileReference; fileEncoding = 4; lastKnownFileType = sourcecode.swift; path = RoundButton.swift; sourceTree = "<group>"; };
		13C7A8EF1F02D6360020520E /* LogInFields.swift */ = {isa = PBXFileReference; fileEncoding = 4; lastKnownFileType = sourcecode.swift; path = LogInFields.swift; sourceTree = "<group>"; };
		13C7A8F11F02D78F0020520E /* SignInButton.swift */ = {isa = PBXFileReference; fileEncoding = 4; lastKnownFileType = sourcecode.swift; path = SignInButton.swift; sourceTree = "<group>"; };
		549A183642FD5AEC47FDE10E /* Pods-Image Social.release.xcconfig */ = {isa = PBXFileReference; includeInIndex = 1; lastKnownFileType = text.xcconfig; name = "Pods-Image Social.release.xcconfig"; path = "Pods/Target Support Files/Pods-Image Social/Pods-Image Social.release.xcconfig"; sourceTree = "<group>"; };
		AC2A7D366B9AC76E14495AFC /* Pods_Image_Social.framework */ = {isa = PBXFileReference; explicitFileType = wrapper.framework; includeInIndex = 0; path = Pods_Image_Social.framework; sourceTree = BUILT_PRODUCTS_DIR; };
		F4B1F540CFAFDC0604055750 /* Pods-Image Social.debug.xcconfig */ = {isa = PBXFileReference; includeInIndex = 1; lastKnownFileType = text.xcconfig; name = "Pods-Image Social.debug.xcconfig"; path = "Pods/Target Support Files/Pods-Image Social/Pods-Image Social.debug.xcconfig"; sourceTree = "<group>"; };
/* End PBXFileReference section */

/* Begin PBXFrameworksBuildPhase section */
		13581CBC1F01CB47006469F9 /* Frameworks */ = {
			isa = PBXFrameworksBuildPhase;
			buildActionMask = 2147483647;
			files = (
				3C3BEE6F6882C1CE4EC4E835 /* Pods_Image_Social.framework in Frameworks */,
			);
			runOnlyForDeploymentPostprocessing = 0;
		};
/* End PBXFrameworksBuildPhase section */

/* Begin PBXGroup section */
		131649FD1F01D00A00644DF8 /* Model */ = {
			isa = PBXGroup;
			children = (
			);
			name = Model;
			sourceTree = "<group>";
		};
		131649FE1F01D01300644DF8 /* View */ = {
			isa = PBXGroup;
			children = (
				13C7A8E81F02D04C0020520E /* HeaderView.swift */,
				13C7A8ED1F02D31B0020520E /* RoundButton.swift */,
				13C7A8EF1F02D6360020520E /* LogInFields.swift */,
				13C7A8F11F02D78F0020520E /* SignInButton.swift */,
				1342B2B21F0476EA0096E55C /* CircleImageView.swift */,
				1342B2B41F0482790096E55C /* PostsCell.swift */,
			);
			name = View;
			sourceTree = "<group>";
		};
		131649FF1F01D01F00644DF8 /* Controller */ = {
			isa = PBXGroup;
			children = (
				13581CC41F01CB48006469F9 /* ViewController.swift */,
				1342B2B01F0453780096E55C /* FeedVC.swift */,
			);
			name = Controller;
			sourceTree = "<group>";
		};
		13581CB61F01CB47006469F9 = {
			isa = PBXGroup;
			children = (
				13581CC11F01CB47006469F9 /* Image Social */,
				13581CC01F01CB47006469F9 /* Products */,
				2E05EF2B8EB869FB28B4D7CC /* Pods */,
				AD6148C0B9C702EDE4FD7857 /* Frameworks */,
			);
			sourceTree = "<group>";
		};
		13581CC01F01CB47006469F9 /* Products */ = {
			isa = PBXGroup;
			children = (
				13581CBF1F01CB47006469F9 /* Image Social.app */,
			);
			name = Products;
			sourceTree = "<group>";
		};
		13581CC11F01CB47006469F9 /* Image Social */ = {
			isa = PBXGroup;
			children = (
				1364387C1F077040005E99AF /* Services */,
				13C7A8EA1F02D0F50020520E /* Util */,
				131649FD1F01D00A00644DF8 /* Model */,
				131649FE1F01D01300644DF8 /* View */,
				131649FF1F01D01F00644DF8 /* Controller */,
				13581CC21F01CB48006469F9 /* AppDelegate.swift */,
				13581CC61F01CB48006469F9 /* Main.storyboard */,
				13581CC91F01CB48006469F9 /* Assets.xcassets */,
				13581CCB1F01CB48006469F9 /* LaunchScreen.storyboard */,
				13581CCE1F01CB48006469F9 /* Info.plist */,
				13581CD41F01CC34006469F9 /* GoogleService-Info.plist */,
			);
			path = "Image Social";
			sourceTree = "<group>";
		};
		1364387C1F077040005E99AF /* Services */ = {
			isa = PBXGroup;
			children = (
				1364387D1F07705D005E99AF /* DataService.swift */,
			);
			name = Services;
			path = ..;
			sourceTree = "<group>";
		};
		13C7A8EA1F02D0F50020520E /* Util */ = {
			isa = PBXGroup;
			children = (
				13C7A8EB1F02D1040020520E /* Constants.swift */,
			);
			name = Util;
			sourceTree = "<group>";
		};
		2E05EF2B8EB869FB28B4D7CC /* Pods */ = {
			isa = PBXGroup;
			children = (
				F4B1F540CFAFDC0604055750 /* Pods-Image Social.debug.xcconfig */,
				549A183642FD5AEC47FDE10E /* Pods-Image Social.release.xcconfig */,
			);
			name = Pods;
			sourceTree = "<group>";
		};
		AD6148C0B9C702EDE4FD7857 /* Frameworks */ = {
			isa = PBXGroup;
			children = (
				AC2A7D366B9AC76E14495AFC /* Pods_Image_Social.framework */,
			);
			name = Frameworks;
			sourceTree = "<group>";
		};
/* End PBXGroup section */

/* Begin PBXNativeTarget section */
		13581CBE1F01CB47006469F9 /* Image Social */ = {
			isa = PBXNativeTarget;
			buildConfigurationList = 13581CD11F01CB48006469F9 /* Build configuration list for PBXNativeTarget "Image Social" */;
			buildPhases = (
				E87786B84843CC3167C7D802 /* [CP] Check Pods Manifest.lock */,
				13581CBB1F01CB47006469F9 /* Sources */,
				13581CBC1F01CB47006469F9 /* Frameworks */,
				13581CBD1F01CB47006469F9 /* Resources */,
				95CA33A302AC977705D1480F /* [CP] Embed Pods Frameworks */,
				A672ABFDFBEEF41B1F377260 /* [CP] Copy Pods Resources */,
			);
			buildRules = (
			);
			dependencies = (
			);
			name = "Image Social";
			productName = "Image Social";
			productReference = 13581CBF1F01CB47006469F9 /* Image Social.app */;
			productType = "com.apple.product-type.application";
		};
/* End PBXNativeTarget section */

/* Begin PBXProject section */
		13581CB71F01CB47006469F9 /* Project object */ = {
			isa = PBXProject;
			attributes = {
				LastSwiftUpdateCheck = 0830;
				LastUpgradeCheck = 0830;
				ORGANIZATIONNAME = self.edu;
				TargetAttributes = {
					13581CBE1F01CB47006469F9 = {
						CreatedOnToolsVersion = 8.3.3;
						DevelopmentTeam = RY4LKVN272;
						ProvisioningStyle = Automatic;
					};
				};
			};
			buildConfigurationList = 13581CBA1F01CB47006469F9 /* Build configuration list for PBXProject "Image Social" */;
			compatibilityVersion = "Xcode 3.2";
			developmentRegion = English;
			hasScannedForEncodings = 0;
			knownRegions = (
				en,
				Base,
			);
			mainGroup = 13581CB61F01CB47006469F9;
			productRefGroup = 13581CC01F01CB47006469F9 /* Products */;
			projectDirPath = "";
			projectRoot = "";
			targets = (
				13581CBE1F01CB47006469F9 /* Image Social */,
			);
		};
/* End PBXProject section */

/* Begin PBXResourcesBuildPhase section */
		13581CBD1F01CB47006469F9 /* Resources */ = {
			isa = PBXResourcesBuildPhase;
			buildActionMask = 2147483647;
			files = (
				13581CCD1F01CB48006469F9 /* LaunchScreen.storyboard in Resources */,
				13581CD51F01CC34006469F9 /* GoogleService-Info.plist in Resources */,
				13581CCA1F01CB48006469F9 /* Assets.xcassets in Resources */,
				13581CC81F01CB48006469F9 /* Main.storyboard in Resources */,
			);
			runOnlyForDeploymentPostprocessing = 0;
		};
/* End PBXResourcesBuildPhase section */

/* Begin PBXShellScriptBuildPhase section */
		95CA33A302AC977705D1480F /* [CP] Embed Pods Frameworks */ = {
			isa = PBXShellScriptBuildPhase;
			buildActionMask = 2147483647;
			files = (
			);
			inputPaths = (
			);
			name = "[CP] Embed Pods Frameworks";
			outputPaths = (
			);
			runOnlyForDeploymentPostprocessing = 0;
			shellPath = /bin/sh;
			shellScript = "\"${SRCROOT}/Pods/Target Support Files/Pods-Image Social/Pods-Image Social-frameworks.sh\"\n";
			showEnvVarsInLog = 0;
		};
		A672ABFDFBEEF41B1F377260 /* [CP] Copy Pods Resources */ = {
			isa = PBXShellScriptBuildPhase;
			buildActionMask = 2147483647;
			files = (
			);
			inputPaths = (
			);
			name = "[CP] Copy Pods Resources";
			outputPaths = (
			);
			runOnlyForDeploymentPostprocessing = 0;
			shellPath = /bin/sh;
			shellScript = "\"${SRCROOT}/Pods/Target Support Files/Pods-Image Social/Pods-Image Social-resources.sh\"\n";
			showEnvVarsInLog = 0;
		};
		E87786B84843CC3167C7D802 /* [CP] Check Pods Manifest.lock */ = {
			isa = PBXShellScriptBuildPhase;
			buildActionMask = 2147483647;
			files = (
			);
			inputPaths = (
			);
			name = "[CP] Check Pods Manifest.lock";
			outputPaths = (
			);
			runOnlyForDeploymentPostprocessing = 0;
			shellPath = /bin/sh;
			shellScript = "diff \"${PODS_PODFILE_DIR_PATH}/Podfile.lock\" \"${PODS_ROOT}/Manifest.lock\" > /dev/null\nif [ $? != 0 ] ; then\n    # print error to STDERR\n    echo \"error: The sandbox is not in sync with the Podfile.lock. Run 'pod install' or update your CocoaPods installation.\" >&2\n    exit 1\nfi\n";
			showEnvVarsInLog = 0;
		};
/* End PBXShellScriptBuildPhase section */

/* Begin PBXSourcesBuildPhase section */
		13581CBB1F01CB47006469F9 /* Sources */ = {
			isa = PBXSourcesBuildPhase;
			buildActionMask = 2147483647;
			files = (
				13C7A8F21F02D78F0020520E /* SignInButton.swift in Sources */,
				1342B2B51F0482790096E55C /* PostsCell.swift in Sources */,
				1342B2B31F0476EA0096E55C /* CircleImageView.swift in Sources */,
				13581CC51F01CB48006469F9 /* ViewController.swift in Sources */,
				13C7A8EE1F02D31B0020520E /* RoundButton.swift in Sources */,
				1364387E1F07705D005E99AF /* DataService.swift in Sources */,
				13C7A8F01F02D6360020520E /* LogInFields.swift in Sources */,
				1342B2B11F0453780096E55C /* FeedVC.swift in Sources */,
				13C7A8E91F02D04C0020520E /* HeaderView.swift in Sources */,
				13581CC31F01CB48006469F9 /* AppDelegate.swift in Sources */,
				13C7A8EC1F02D1040020520E /* Constants.swift in Sources */,
			);
			runOnlyForDeploymentPostprocessing = 0;
		};
/* End PBXSourcesBuildPhase section */

/* Begin PBXVariantGroup section */
		13581CC61F01CB48006469F9 /* Main.storyboard */ = {
			isa = PBXVariantGroup;
			children = (
				13581CC71F01CB48006469F9 /* Base */,
			);
			name = Main.storyboard;
			sourceTree = "<group>";
		};
		13581CCB1F01CB48006469F9 /* LaunchScreen.storyboard */ = {
			isa = PBXVariantGroup;
			children = (
				13581CCC1F01CB48006469F9 /* Base */,
			);
			name = LaunchScreen.storyboard;
			sourceTree = "<group>";
		};
/* End PBXVariantGroup section */

/* Begin XCBuildConfiguration section */
		13581CCF1F01CB48006469F9 /* Debug */ = {
			isa = XCBuildConfiguration;
			buildSettings = {
				ALWAYS_SEARCH_USER_PATHS = NO;
				CLANG_ANALYZER_NONNULL = YES;
				CLANG_ANALYZER_NUMBER_OBJECT_CONVERSION = YES_AGGRESSIVE;
				CLANG_CXX_LANGUAGE_STANDARD = "gnu++0x";
				CLANG_CXX_LIBRARY = "libc++";
				CLANG_ENABLE_MODULES = YES;
				CLANG_ENABLE_OBJC_ARC = YES;
				CLANG_WARN_BOOL_CONVERSION = YES;
				CLANG_WARN_CONSTANT_CONVERSION = YES;
				CLANG_WARN_DIRECT_OBJC_ISA_USAGE = YES_ERROR;
				CLANG_WARN_DOCUMENTATION_COMMENTS = YES;
				CLANG_WARN_EMPTY_BODY = YES;
				CLANG_WARN_ENUM_CONVERSION = YES;
				CLANG_WARN_INFINITE_RECURSION = YES;
				CLANG_WARN_INT_CONVERSION = YES;
				CLANG_WARN_OBJC_ROOT_CLASS = YES_ERROR;
				CLANG_WARN_SUSPICIOUS_MOVE = YES;
				CLANG_WARN_UNREACHABLE_CODE = YES;
				CLANG_WARN__DUPLICATE_METHOD_MATCH = YES;
				"CODE_SIGN_IDENTITY[sdk=iphoneos*]" = "iPhone Developer";
				COPY_PHASE_STRIP = NO;
				DEBUG_INFORMATION_FORMAT = dwarf;
				ENABLE_STRICT_OBJC_MSGSEND = YES;
				ENABLE_TESTABILITY = YES;
				GCC_C_LANGUAGE_STANDARD = gnu99;
				GCC_DYNAMIC_NO_PIC = NO;
				GCC_NO_COMMON_BLOCKS = YES;
				GCC_OPTIMIZATION_LEVEL = 0;
				GCC_PREPROCESSOR_DEFINITIONS = (
					"DEBUG=1",
					"$(inherited)",
				);
				GCC_WARN_64_TO_32_BIT_CONVERSION = YES;
				GCC_WARN_ABOUT_RETURN_TYPE = YES_ERROR;
				GCC_WARN_UNDECLARED_SELECTOR = YES;
				GCC_WARN_UNINITIALIZED_AUTOS = YES_AGGRESSIVE;
				GCC_WARN_UNUSED_FUNCTION = YES;
				GCC_WARN_UNUSED_VARIABLE = YES;
				IPHONEOS_DEPLOYMENT_TARGET = 10.3;
				MTL_ENABLE_DEBUG_INFO = YES;
				ONLY_ACTIVE_ARCH = YES;
				SDKROOT = iphoneos;
				SWIFT_ACTIVE_COMPILATION_CONDITIONS = DEBUG;
				SWIFT_OPTIMIZATION_LEVEL = "-Onone";
			};
			name = Debug;
		};
		13581CD01F01CB48006469F9 /* Release */ = {
			isa = XCBuildConfiguration;
			buildSettings = {
				ALWAYS_SEARCH_USER_PATHS = NO;
				CLANG_ANALYZER_NONNULL = YES;
				CLANG_ANALYZER_NUMBER_OBJECT_CONVERSION = YES_AGGRESSIVE;
				CLANG_CXX_LANGUAGE_STANDARD = "gnu++0x";
				CLANG_CXX_LIBRARY = "libc++";
				CLANG_ENABLE_MODULES = YES;
				CLANG_ENABLE_OBJC_ARC = YES;
				CLANG_WARN_BOOL_CONVERSION = YES;
				CLANG_WARN_CONSTANT_CONVERSION = YES;
				CLANG_WARN_DIRECT_OBJC_ISA_USAGE = YES_ERROR;
				CLANG_WARN_DOCUMENTATION_COMMENTS = YES;
				CLANG_WARN_EMPTY_BODY = YES;
				CLANG_WARN_ENUM_CONVERSION = YES;
				CLANG_WARN_INFINITE_RECURSION = YES;
				CLANG_WARN_INT_CONVERSION = YES;
				CLANG_WARN_OBJC_ROOT_CLASS = YES_ERROR;
				CLANG_WARN_SUSPICIOUS_MOVE = YES;
				CLANG_WARN_UNREACHABLE_CODE = YES;
				CLANG_WARN__DUPLICATE_METHOD_MATCH = YES;
				"CODE_SIGN_IDENTITY[sdk=iphoneos*]" = "iPhone Developer";
				COPY_PHASE_STRIP = NO;
				DEBUG_INFORMATION_FORMAT = "dwarf-with-dsym";
				ENABLE_NS_ASSERTIONS = NO;
				ENABLE_STRICT_OBJC_MSGSEND = YES;
				GCC_C_LANGUAGE_STANDARD = gnu99;
				GCC_NO_COMMON_BLOCKS = YES;
				GCC_WARN_64_TO_32_BIT_CONVERSION = YES;
				GCC_WARN_ABOUT_RETURN_TYPE = YES_ERROR;
				GCC_WARN_UNDECLARED_SELECTOR = YES;
				GCC_WARN_UNINITIALIZED_AUTOS = YES_AGGRESSIVE;
				GCC_WARN_UNUSED_FUNCTION = YES;
				GCC_WARN_UNUSED_VARIABLE = YES;
				IPHONEOS_DEPLOYMENT_TARGET = 10.3;
				MTL_ENABLE_DEBUG_INFO = NO;
				SDKROOT = iphoneos;
				SWIFT_OPTIMIZATION_LEVEL = "-Owholemodule";
				VALIDATE_PRODUCT = YES;
			};
			name = Release;
		};
		13581CD21F01CB48006469F9 /* Debug */ = {
			isa = XCBuildConfiguration;
			baseConfigurationReference = F4B1F540CFAFDC0604055750 /* Pods-Image Social.debug.xcconfig */;
			buildSettings = {
				ASSETCATALOG_COMPILER_APPICON_NAME = AppIcon;
				DEVELOPMENT_TEAM = RY4LKVN272;
				INFOPLIST_FILE = "Image Social/Info.plist";
				LD_RUNPATH_SEARCH_PATHS = "$(inherited) @executable_path/Frameworks";
				PRODUCT_BUNDLE_IDENTIFIER = "self.edu.Image-Social";
				PRODUCT_NAME = "$(TARGET_NAME)";
				SWIFT_VERSION = 3.0;
			};
			name = Debug;
		};
		13581CD31F01CB48006469F9 /* Release */ = {
			isa = XCBuildConfiguration;
			baseConfigurationReference = 549A183642FD5AEC47FDE10E /* Pods-Image Social.release.xcconfig */;
			buildSettings = {
				ASSETCATALOG_COMPILER_APPICON_NAME = AppIcon;
				DEVELOPMENT_TEAM = RY4LKVN272;
				INFOPLIST_FILE = "Image Social/Info.plist";
				LD_RUNPATH_SEARCH_PATHS = "$(inherited) @executable_path/Frameworks";
				PRODUCT_BUNDLE_IDENTIFIER = "self.edu.Image-Social";
				PRODUCT_NAME = "$(TARGET_NAME)";
				SWIFT_VERSION = 3.0;
			};
			name = Release;
		};
/* End XCBuildConfiguration section */

/* Begin XCConfigurationList section */
		13581CBA1F01CB47006469F9 /* Build configuration list for PBXProject "Image Social" */ = {
			isa = XCConfigurationList;
			buildConfigurations = (
				13581CCF1F01CB48006469F9 /* Debug */,
				13581CD01F01CB48006469F9 /* Release */,
			);
			defaultConfigurationIsVisible = 0;
			defaultConfigurationName = Release;
		};
		13581CD11F01CB48006469F9 /* Build configuration list for PBXNativeTarget "Image Social" */ = {
			isa = XCConfigurationList;
			buildConfigurations = (
				13581CD21F01CB48006469F9 /* Debug */,
				13581CD31F01CB48006469F9 /* Release */,
			);
			defaultConfigurationIsVisible = 0;
			defaultConfigurationName = Release;
		};
/* End XCConfigurationList section */
	};
	rootObject = 13581CB71F01CB47006469F9 /* Project object */;
}
